
Microsoft Visual Studio Solution File, Format Version 12.00
# Visual Studio Version 17
VisualStudioVersion = 17.9.34728.123
MinimumVisualStudioVersion = 10.0.40219.1
Project("{FAE04EC0-301F-11D3-BF4B-00C04F79EFBC}") = "GerenciamentoTarefa", "GerenciamentoTarefa\GerenciamentoTarefa.csproj", "{B4222152-6A76-40E3-B92F-B25C6247A45A}"
EndProject
Global
	GlobalSection(SolutionConfigurationPlatforms) = preSolution
		Debug|Any CPU = Debug|Any CPU
		Release|Any CPU = Release|Any CPU
	EndGlobalSection
	GlobalSection(ProjectConfigurationPlatforms) = postSolution
		{B4222152-6A76-40E3-B92F-B25C6247A45A}.Debug|Any CPU.ActiveCfg = Debug|Any CPU
		{B4222152-6A76-40E3-B92F-B25C6247A45A}.Debug|Any CPU.Build.0 = Debug|Any CPU
		{B4222152-6A76-40E3-B92F-B25C6247A45A}.Release|Any CPU.ActiveCfg = Release|Any CPU
		{B4222152-6A76-40E3-B92F-B25C6247A45A}.Release|Any CPU.Build.0 = Release|Any CPU
	EndGlobalSection
	GlobalSection(SolutionProperties) = preSolution
		HideSolutionNode = FALSE
	EndGlobalSection
	GlobalSection(ExtensibilityGlobals) = postSolution
		SolutionGuid = {82F70518-93FC-4131-A80D-D080C074C0C1}
	EndGlobalSection
EndGlobal
